
Microsoft Visual Studio Solution File, Format Version 12.00
# Visual Studio 14
VisualStudioVersion = 14.0.25420.1
MinimumVisualStudioVersion = 10.0.40219.1
Project("{FAE04EC0-301F-11D3-BF4B-00C04F79EFBC}") = "Blog", "Blog\Blog.csproj", "{8A343504-6FA4-4F93-8600-96C5E7143C10}"
EndProject
Global
	GlobalSection(SolutionConfigurationPlatforms) = preSolution
		Debug|Any CPU = Debug|Any CPU
		Release|Any CPU = Release|Any CPU
	EndGlobalSection
	GlobalSection(ProjectConfigurationPlatforms) = postSolution
		{8A343504-6FA4-4F93-8600-96C5E7143C10}.Debug|Any CPU.ActiveCfg = Debug|Any CPU
		{8A343504-6FA4-4F93-8600-96C5E7143C10}.Debug|Any CPU.Build.0 = Debug|Any CPU
		{8A343504-6FA4-4F93-8600-96C5E7143C10}.Release|Any CPU.ActiveCfg = Release|Any CPU
		{8A343504-6FA4-4F93-8600-96C5E7143C10}.Release|Any CPU.Build.0 = Release|Any CPU
	EndGlobalSection
	GlobalSection(SolutionProperties) = preSolution
		HideSolutionNode = FALSE
	EndGlobalSection
EndGlobal
